
Microsoft Visual Studio Solution File, Format Version 12.00
Project("{FAE04EC0-301F-11D3-BF4B-00C04F79EFBC}") = "PatternIntro", "PatternIntro\PatternIntro.csproj", "{520828D3-0F73-4D59-AB0C-4ABDEDE570C5}"
EndProject
Project("{2150E333-8FDC-42A3-9474-1A3956D46DE8}") = "SolutionItems", "SolutionItems", "{4853BB58-AA04-4749-955F-4DF888E88750}"
ProjectSection(SolutionItems) = preProject
	.gitignore = .gitignore
	README.md = README.md
EndProjectSection
EndProject
Project("{FAE04EC0-301F-11D3-BF4B-00C04F79EFBC}") = "StrategyPatternTask", "StrategyPatternTask\StrategyPatternTask.csproj", "{4BFDAFC9-CD71-4369-A43D-98E3FCE1E889}"
EndProject
Project("{FAE04EC0-301F-11D3-BF4B-00C04F79EFBC}") = "ObserverPattern", "ObserverPattern\ObserverPattern.csproj", "{F7FD7B19-B594-49CE-9663-728C6BC3C3EF}"
EndProject
Project("{FAE04EC0-301F-11D3-BF4B-00C04F79EFBC}") = "ObserverPatternInbuiltTools", "ObserverPatternInbuiltTools\ObserverPatternInbuiltTools.csproj", "{FE26DCE2-AAB8-4B9A-8776-78F9BD880941}"
EndProject
Project("{FAE04EC0-301F-11D3-BF4B-00C04F79EFBC}") = "DecoratorPattern", "DecoratorPattern\DecoratorPattern.csproj", "{C3E99C28-6DF9-4A74-84D2-07A0CED3D0DC}"
EndProject
Global
	GlobalSection(SolutionConfigurationPlatforms) = preSolution
		Debug|Any CPU = Debug|Any CPU
		Release|Any CPU = Release|Any CPU
	EndGlobalSection
	GlobalSection(ProjectConfigurationPlatforms) = postSolution
		{520828D3-0F73-4D59-AB0C-4ABDEDE570C5}.Debug|Any CPU.ActiveCfg = Debug|Any CPU
		{520828D3-0F73-4D59-AB0C-4ABDEDE570C5}.Debug|Any CPU.Build.0 = Debug|Any CPU
		{520828D3-0F73-4D59-AB0C-4ABDEDE570C5}.Release|Any CPU.ActiveCfg = Release|Any CPU
		{520828D3-0F73-4D59-AB0C-4ABDEDE570C5}.Release|Any CPU.Build.0 = Release|Any CPU
		{4BFDAFC9-CD71-4369-A43D-98E3FCE1E889}.Debug|Any CPU.ActiveCfg = Debug|Any CPU
		{4BFDAFC9-CD71-4369-A43D-98E3FCE1E889}.Debug|Any CPU.Build.0 = Debug|Any CPU
		{4BFDAFC9-CD71-4369-A43D-98E3FCE1E889}.Release|Any CPU.ActiveCfg = Release|Any CPU
		{4BFDAFC9-CD71-4369-A43D-98E3FCE1E889}.Release|Any CPU.Build.0 = Release|Any CPU
		{F7FD7B19-B594-49CE-9663-728C6BC3C3EF}.Debug|Any CPU.ActiveCfg = Debug|Any CPU
		{F7FD7B19-B594-49CE-9663-728C6BC3C3EF}.Debug|Any CPU.Build.0 = Debug|Any CPU
		{F7FD7B19-B594-49CE-9663-728C6BC3C3EF}.Release|Any CPU.ActiveCfg = Release|Any CPU
		{F7FD7B19-B594-49CE-9663-728C6BC3C3EF}.Release|Any CPU.Build.0 = Release|Any CPU
		{FE26DCE2-AAB8-4B9A-8776-78F9BD880941}.Debug|Any CPU.ActiveCfg = Debug|Any CPU
		{FE26DCE2-AAB8-4B9A-8776-78F9BD880941}.Debug|Any CPU.Build.0 = Debug|Any CPU
		{FE26DCE2-AAB8-4B9A-8776-78F9BD880941}.Release|Any CPU.ActiveCfg = Release|Any CPU
		{FE26DCE2-AAB8-4B9A-8776-78F9BD880941}.Release|Any CPU.Build.0 = Release|Any CPU
		{C3E99C28-6DF9-4A74-84D2-07A0CED3D0DC}.Debug|Any CPU.ActiveCfg = Debug|Any CPU
		{C3E99C28-6DF9-4A74-84D2-07A0CED3D0DC}.Debug|Any CPU.Build.0 = Debug|Any CPU
		{C3E99C28-6DF9-4A74-84D2-07A0CED3D0DC}.Release|Any CPU.ActiveCfg = Release|Any CPU
		{C3E99C28-6DF9-4A74-84D2-07A0CED3D0DC}.Release|Any CPU.Build.0 = Release|Any CPU
	EndGlobalSection
EndGlobal
